
Microsoft Visual Studio Solution File, Format Version 12.00
# Visual Studio Version 17
VisualStudioVersion = 17.10.35122.118
MinimumVisualStudioVersion = 10.0.40219.1
Project("{FAE04EC0-301F-11D3-BF4B-00C04F79EFBC}") = "CtrlCV", "CtrlCV.csproj", "{CB2923E6-F8AA-4AED-A897-699410D02FD4}"
EndProject
Global
	GlobalSection(SolutionConfigurationPlatforms) = preSolution
		Debug|Any CPU = Debug|Any CPU
		Release|Any CPU = Release|Any CPU
	EndGlobalSection
	GlobalSection(ProjectConfigurationPlatforms) = postSolution
		{CB2923E6-F8AA-4AED-A897-699410D02FD4}.Debug|Any CPU.ActiveCfg = Debug|Any CPU
		{CB2923E6-F8AA-4AED-A897-699410D02FD4}.Debug|Any CPU.Build.0 = Debug|Any CPU
		{CB2923E6-F8AA-4AED-A897-699410D02FD4}.Release|Any CPU.ActiveCfg = Release|Any CPU
		{CB2923E6-F8AA-4AED-A897-699410D02FD4}.Release|Any CPU.Build.0 = Release|Any CPU
	EndGlobalSection
	GlobalSection(SolutionProperties) = preSolution
		HideSolutionNode = FALSE
	EndGlobalSection
	GlobalSection(ExtensibilityGlobals) = postSolution
		SolutionGuid = {B22E80AD-5C7E-4E79-8068-AB25CAA3E469}
	EndGlobalSection
EndGlobal
